
Microsoft Visual Studio Solution File, Format Version 12.00
# Visual Studio Version 17
VisualStudioVersion = 17.2.32526.322
MinimumVisualStudioVersion = 10.0.40219.1
Project("{8BC9CEB8-8B4A-11D0-8D11-00A0C91BC942}") = "LD54", "LD54\LD54.vcxproj", "{E9720018-9BCA-466C-B06E-7524B52A8682}"
EndProject
Global
	GlobalSection(SolutionConfigurationPlatforms) = preSolution
		Debug|x64 = Debug|x64
		Release|x64 = Release|x64
	EndGlobalSection
	GlobalSection(ProjectConfigurationPlatforms) = postSolution
		{E9720018-9BCA-466C-B06E-7524B52A8682}.Debug|x64.ActiveCfg = Debug|x64
		{E9720018-9BCA-466C-B06E-7524B52A8682}.Debug|x64.Build.0 = Debug|x64
		{E9720018-9BCA-466C-B06E-7524B52A8682}.Release|x64.ActiveCfg = Release|x64
		{E9720018-9BCA-466C-B06E-7524B52A8682}.Release|x64.Build.0 = Release|x64
	EndGlobalSection
	GlobalSection(SolutionProperties) = preSolution
		HideSolutionNode = FALSE
	EndGlobalSection
	GlobalSection(ExtensibilityGlobals) = postSolution
		SolutionGuid = {3839EE19-9B3C-4BCE-9FF2-AC8228C8CE59}
	EndGlobalSection
EndGlobal
